// !$*UTF8*$!
{
	archiveVersion = 1;
	classes = {
	};
	objectVersion = 56;
	objects = {

/* Begin PBXBuildFile section */
		95194D612BD38ACD00546DBA /* VisionLLMApp.swift in Sources */ = {isa = PBXBuildFile; fileRef = 95194D602BD38ACD00546DBA /* VisionLLMApp.swift */; };
		95194D632BD38ACD00546DBA /* ContentView.swift in Sources */ = {isa = PBXBuildFile; fileRef = 95194D622BD38ACD00546DBA /* ContentView.swift */; };
		95194D652BD38ACE00546DBA /* Assets.xcassets in Resources */ = {isa = PBXBuildFile; fileRef = 95194D642BD38ACE00546DBA /* Assets.xcassets */; };
		95194D682BD38ACE00546DBA /* Preview Assets.xcassets in Resources */ = {isa = PBXBuildFile; fileRef = 95194D672BD38ACE00546DBA /* Preview Assets.xcassets */; };
		95194D712BD38BE500546DBA /* ImagePicker.swift in Sources */ = {isa = PBXBuildFile; fileRef = 95194D702BD38BE500546DBA /* ImagePicker.swift */; };
		95194D782BD397A400546DBA /* ModelInference.swift in Sources */ = {isa = PBXBuildFile; fileRef = 95194D772BD397A400546DBA /* ModelInference.swift */; };
		95194D7E2BD4655200546DBA /* float32_model.mlpackage in Sources */ = {isa = PBXBuildFile; fileRef = 95194D7D2BD4655200546DBA /* float32_model.mlpackage */; };
		95194D842BD4DA5700546DBA /* yolov8s.mlpackage in Sources */ = {isa = PBXBuildFile; fileRef = 95194D832BD4DA5700546DBA /* yolov8s.mlpackage */; };
		95194D862BD4E7CA00546DBA /* MotionManager.swift in Sources */ = {isa = PBXBuildFile; fileRef = 95194D852BD4E7CA00546DBA /* MotionManager.swift */; };
		95194D882BD4E7F600546DBA /* CameraController.swift in Sources */ = {isa = PBXBuildFile; fileRef = 95194D872BD4E7F600546DBA /* CameraController.swift */; };
		95194D8A2BD4E8FD00546DBA /* GalleryView.swift in Sources */ = {isa = PBXBuildFile; fileRef = 95194D892BD4E8FD00546DBA /* GalleryView.swift */; };
		95194D8C2BD4E92300546DBA /* ImagePrediction.swift in Sources */ = {isa = PBXBuildFile; fileRef = 95194D8B2BD4E92300546DBA /* ImagePrediction.swift */; };
		95194D8E2BD4E94500546DBA /* ImageDetailView.swift in Sources */ = {isa = PBXBuildFile; fileRef = 95194D8D2BD4E94500546DBA /* ImageDetailView.swift */; };
		95194D902BD4EA5400546DBA /* PredictionView.swift in Sources */ = {isa = PBXBuildFile; fileRef = 95194D8F2BD4EA5400546DBA /* PredictionView.swift */; };
		95194DC02BD5B98400546DBA /* Math.swift in Sources */ = {isa = PBXBuildFile; fileRef = 95194DBB2BD5B98400546DBA /* Math.swift */; };
		95194DC12BD5B98400546DBA /* BertTokenizer.swift in Sources */ = {isa = PBXBuildFile; fileRef = 95194DBC2BD5B98400546DBA /* BertTokenizer.swift */; };
		95194DC22BD5B98400546DBA /* ModelHandler.swift in Sources */ = {isa = PBXBuildFile; fileRef = 95194DBD2BD5B98400546DBA /* ModelHandler.swift */; };
		95194DC32BD5B98400546DBA /* MLMultiArray+Utils.swift in Sources */ = {isa = PBXBuildFile; fileRef = 95194DBE2BD5B98400546DBA /* MLMultiArray+Utils.swift */; };
		95194DC42BD5B98400546DBA /* Utils.swift in Sources */ = {isa = PBXBuildFile; fileRef = 95194DBF2BD5B98400546DBA /* Utils.swift */; };
		95194DC62BD5B99200546DBA /* vocab.txt in Resources */ = {isa = PBXBuildFile; fileRef = 95194DC52BD5B99200546DBA /* vocab.txt */; };
/* End PBXBuildFile section */

/* Begin PBXFileReference section */
		95194D5D2BD38ACD00546DBA /* VisionLLM.app */ = {isa = PBXFileReference; explicitFileType = wrapper.application; includeInIndex = 0; path = VisionLLM.app; sourceTree = BUILT_PRODUCTS_DIR; };
		95194D602BD38ACD00546DBA /* VisionLLMApp.swift */ = {isa = PBXFileReference; lastKnownFileType = sourcecode.swift; path = VisionLLMApp.swift; sourceTree = "<group>"; };
		95194D622BD38ACD00546DBA /* ContentView.swift */ = {isa = PBXFileReference; lastKnownFileType = sourcecode.swift; path = ContentView.swift; sourceTree = "<group>"; };
		95194D642BD38ACE00546DBA /* Assets.xcassets */ = {isa = PBXFileReference; lastKnownFileType = folder.assetcatalog; path = Assets.xcassets; sourceTree = "<group>"; };
		95194D672BD38ACE00546DBA /* Preview Assets.xcassets */ = {isa = PBXFileReference; lastKnownFileType = folder.assetcatalog; path = "Preview Assets.xcassets"; sourceTree = "<group>"; };
		95194D702BD38BE500546DBA /* ImagePicker.swift */ = {isa = PBXFileReference; lastKnownFileType = sourcecode.swift; path = ImagePicker.swift; sourceTree = "<group>"; };
		95194D722BD38C9900546DBA /* Info.plist */ = {isa = PBXFileReference; lastKnownFileType = text.plist; path = Info.plist; sourceTree = "<group>"; };
		95194D772BD397A400546DBA /* ModelInference.swift */ = {isa = PBXFileReference; lastKnownFileType = sourcecode.swift; path = ModelInference.swift; sourceTree = "<group>"; };
		95194D7D2BD4655200546DBA /* float32_model.mlpackage */ = {isa = PBXFileReference; lastKnownFileType = folder.mlpackage; path = float32_model.mlpackage; sourceTree = "<group>"; };
		95194D832BD4DA5700546DBA /* yolov8s.mlpackage */ = {isa = PBXFileReference; lastKnownFileType = folder.mlpackage; path = yolov8s.mlpackage; sourceTree = "<group>"; };
		95194D852BD4E7CA00546DBA /* MotionManager.swift */ = {isa = PBXFileReference; lastKnownFileType = sourcecode.swift; path = MotionManager.swift; sourceTree = "<group>"; };
		95194D872BD4E7F600546DBA /* CameraController.swift */ = {isa = PBXFileReference; lastKnownFileType = sourcecode.swift; path = CameraController.swift; sourceTree = "<group>"; };
		95194D892BD4E8FD00546DBA /* GalleryView.swift */ = {isa = PBXFileReference; lastKnownFileType = sourcecode.swift; path = GalleryView.swift; sourceTree = "<group>"; };
		95194D8B2BD4E92300546DBA /* ImagePrediction.swift */ = {isa = PBXFileReference; lastKnownFileType = sourcecode.swift; path = ImagePrediction.swift; sourceTree = "<group>"; };
		95194D8D2BD4E94500546DBA /* ImageDetailView.swift */ = {isa = PBXFileReference; lastKnownFileType = sourcecode.swift; path = ImageDetailView.swift; sourceTree = "<group>"; };
		95194D8F2BD4EA5400546DBA /* PredictionView.swift */ = {isa = PBXFileReference; lastKnownFileType = sourcecode.swift; path = PredictionView.swift; sourceTree = "<group>"; };
		95194DBB2BD5B98400546DBA /* Math.swift */ = {isa = PBXFileReference; fileEncoding = 4; lastKnownFileType = sourcecode.swift; path = Math.swift; sourceTree = "<group>"; };
		95194DBC2BD5B98400546DBA /* BertTokenizer.swift */ = {isa = PBXFileReference; fileEncoding = 4; lastKnownFileType = sourcecode.swift; path = BertTokenizer.swift; sourceTree = "<group>"; };
		95194DBD2BD5B98400546DBA /* ModelHandler.swift */ = {isa = PBXFileReference; fileEncoding = 4; lastKnownFileType = sourcecode.swift; path = ModelHandler.swift; sourceTree = "<group>"; };
		95194DBE2BD5B98400546DBA /* MLMultiArray+Utils.swift */ = {isa = PBXFileReference; fileEncoding = 4; lastKnownFileType = sourcecode.swift; path = "MLMultiArray+Utils.swift"; sourceTree = "<group>"; };
		95194DBF2BD5B98400546DBA /* Utils.swift */ = {isa = PBXFileReference; fileEncoding = 4; lastKnownFileType = sourcecode.swift; path = Utils.swift; sourceTree = "<group>"; };
		95194DC52BD5B99200546DBA /* vocab.txt */ = {isa = PBXFileReference; fileEncoding = 4; lastKnownFileType = text; name = vocab.txt; path = VisionLLM/vocab.txt; sourceTree = SOURCE_ROOT; };
/* End PBXFileReference section */

/* Begin PBXFrameworksBuildPhase section */
		95194D5A2BD38ACD00546DBA /* Frameworks */ = {
			isa = PBXFrameworksBuildPhase;
			buildActionMask = 2147483647;
			files = (
			);
			runOnlyForDeploymentPostprocessing = 0;
		};
/* End PBXFrameworksBuildPhase section */

/* Begin PBXGroup section */
		95194D542BD38ACD00546DBA = {
			isa = PBXGroup;
			children = (
				95194D5F2BD38ACD00546DBA /* VisionLLM */,
				95194D5E2BD38ACD00546DBA /* Products */,
			);
			sourceTree = "<group>";
		};
		95194D5E2BD38ACD00546DBA /* Products */ = {
			isa = PBXGroup;
			children = (
				95194D5D2BD38ACD00546DBA /* VisionLLM.app */,
			);
			name = Products;
			sourceTree = "<group>";
		};
		95194D5F2BD38ACD00546DBA /* VisionLLM */ = {
			isa = PBXGroup;
			children = (
				95194D832BD4DA5700546DBA /* yolov8s.mlpackage */,
				95194D7D2BD4655200546DBA /* float32_model.mlpackage */,
				95194D722BD38C9900546DBA /* Info.plist */,
				95194DBA2BD5B94E00546DBA /* Resources */,
				95194D602BD38ACD00546DBA /* VisionLLMApp.swift */,
				95194DBC2BD5B98400546DBA /* BertTokenizer.swift */,
				95194DBB2BD5B98400546DBA /* Math.swift */,
				95194DBE2BD5B98400546DBA /* MLMultiArray+Utils.swift */,
				95194DBD2BD5B98400546DBA /* ModelHandler.swift */,
				95194DBF2BD5B98400546DBA /* Utils.swift */,
				95194D702BD38BE500546DBA /* ImagePicker.swift */,
				95194D892BD4E8FD00546DBA /* GalleryView.swift */,
				95194D8D2BD4E94500546DBA /* ImageDetailView.swift */,
				95194D8B2BD4E92300546DBA /* ImagePrediction.swift */,
				95194D8F2BD4EA5400546DBA /* PredictionView.swift */,
				95194D852BD4E7CA00546DBA /* MotionManager.swift */,
				95194D872BD4E7F600546DBA /* CameraController.swift */,
				95194D622BD38ACD00546DBA /* ContentView.swift */,
				95194D642BD38ACE00546DBA /* Assets.xcassets */,
				95194D662BD38ACE00546DBA /* Preview Content */,
				95194D772BD397A400546DBA /* ModelInference.swift */,
			);
			path = VisionLLM;
			sourceTree = "<group>";
		};
		95194D662BD38ACE00546DBA /* Preview Content */ = {
			isa = PBXGroup;
			children = (
				95194D672BD38ACE00546DBA /* Preview Assets.xcassets */,
			);
			path = "Preview Content";
			sourceTree = "<group>";
		};
		95194DBA2BD5B94E00546DBA /* Resources */ = {
			isa = PBXGroup;
			children = (
				95194DC52BD5B99200546DBA /* vocab.txt */,
			);
			path = Resources;
			sourceTree = "<group>";
		};
/* End PBXGroup section */

/* Begin PBXNativeTarget section */
		95194D5C2BD38ACD00546DBA /* VisionLLM */ = {
			isa = PBXNativeTarget;
			buildConfigurationList = 95194D6B2BD38ACE00546DBA /* Build configuration list for PBXNativeTarget "VisionLLM" */;
			buildPhases = (
				95194D592BD38ACD00546DBA /* Sources */,
				95194D5A2BD38ACD00546DBA /* Frameworks */,
				95194D5B2BD38ACD00546DBA /* Resources */,
			);
			buildRules = (
			);
			dependencies = (
			);
			name = VisionLLM;
			productName = VisionLLM;
			productReference = 95194D5D2BD38ACD00546DBA /* VisionLLM.app */;
			productType = "com.apple.product-type.application";
		};
/* End PBXNativeTarget section */

/* Begin PBXProject section */
		95194D552BD38ACD00546DBA /* Project object */ = {
			isa = PBXProject;
			attributes = {
				BuildIndependentTargetsInParallel = 1;
				LastSwiftUpdateCheck = 1530;
				LastUpgradeCheck = 1530;
				TargetAttributes = {
					95194D5C2BD38ACD00546DBA = {
						CreatedOnToolsVersion = 15.3;
					};
				};
			};
			buildConfigurationList = 95194D582BD38ACD00546DBA /* Build configuration list for PBXProject "VisionLLM" */;
			compatibilityVersion = "Xcode 14.0";
			developmentRegion = en;
			hasScannedForEncodings = 0;
			knownRegions = (
				en,
				Base,
			);
			mainGroup = 95194D542BD38ACD00546DBA;
			productRefGroup = 95194D5E2BD38ACD00546DBA /* Products */;
			projectDirPath = "";
			projectRoot = "";
			targets = (
				95194D5C2BD38ACD00546DBA /* VisionLLM */,
			);
		};
/* End PBXProject section */

/* Begin PBXResourcesBuildPhase section */
		95194D5B2BD38ACD00546DBA /* Resources */ = {
			isa = PBXResourcesBuildPhase;
			buildActionMask = 2147483647;
			files = (
				95194DC62BD5B99200546DBA /* vocab.txt in Resources */,
				95194D682BD38ACE00546DBA /* Preview Assets.xcassets in Resources */,
				95194D652BD38ACE00546DBA /* Assets.xcassets in Resources */,
			);
			runOnlyForDeploymentPostprocessing = 0;
		};
/* End PBXResourcesBuildPhase section */

/* Begin PBXSourcesBuildPhase section */
		95194D592BD38ACD00546DBA /* Sources */ = {
			isa = PBXSourcesBuildPhase;
			buildActionMask = 2147483647;
			files = (
				95194D842BD4DA5700546DBA /* yolov8s.mlpackage in Sources */,
				95194DC02BD5B98400546DBA /* Math.swift in Sources */,
				95194DC32BD5B98400546DBA /* MLMultiArray+Utils.swift in Sources */,
				95194D862BD4E7CA00546DBA /* MotionManager.swift in Sources */,
				95194D712BD38BE500546DBA /* ImagePicker.swift in Sources */,
				95194D902BD4EA5400546DBA /* PredictionView.swift in Sources */,
				95194D8E2BD4E94500546DBA /* ImageDetailView.swift in Sources */,
				95194DC22BD5B98400546DBA /* ModelHandler.swift in Sources */,
				95194D632BD38ACD00546DBA /* ContentView.swift in Sources */,
				95194DC42BD5B98400546DBA /* Utils.swift in Sources */,
				95194D782BD397A400546DBA /* ModelInference.swift in Sources */,
				95194DC12BD5B98400546DBA /* BertTokenizer.swift in Sources */,
				95194D7E2BD4655200546DBA /* float32_model.mlpackage in Sources */,
				95194D8C2BD4E92300546DBA /* ImagePrediction.swift in Sources */,
				95194D882BD4E7F600546DBA /* CameraController.swift in Sources */,
				95194D8A2BD4E8FD00546DBA /* GalleryView.swift in Sources */,
				95194D612BD38ACD00546DBA /* VisionLLMApp.swift in Sources */,
			);
			runOnlyForDeploymentPostprocessing = 0;
		};
/* End PBXSourcesBuildPhase section */

/* Begin XCBuildConfiguration section */
		95194D692BD38ACE00546DBA /* Debug */ = {
			isa = XCBuildConfiguration;
			buildSettings = {
				ALWAYS_SEARCH_USER_PATHS = NO;
				ASSETCATALOG_COMPILER_GENERATE_SWIFT_ASSET_SYMBOL_EXTENSIONS = YES;
				CLANG_ANALYZER_NONNULL = YES;
				CLANG_ANALYZER_NUMBER_OBJECT_CONVERSION = YES_AGGRESSIVE;
				CLANG_CXX_LANGUAGE_STANDARD = "gnu++20";
				CLANG_ENABLE_MODULES = YES;
				CLANG_ENABLE_OBJC_ARC = YES;
				CLANG_ENABLE_OBJC_WEAK = YES;
				CLANG_WARN_BLOCK_CAPTURE_AUTORELEASING = YES;
				CLANG_WARN_BOOL_CONVERSION = YES;
				CLANG_WARN_COMMA = YES;
				CLANG_WARN_CONSTANT_CONVERSION = YES;
				CLANG_WARN_DEPRECATED_OBJC_IMPLEMENTATIONS = YES;
				CLANG_WARN_DIRECT_OBJC_ISA_USAGE = YES_ERROR;
				CLANG_WARN_DOCUMENTATION_COMMENTS = YES;
				CLANG_WARN_EMPTY_BODY = YES;
				CLANG_WARN_ENUM_CONVERSION = YES;
				CLANG_WARN_INFINITE_RECURSION = YES;
				CLANG_WARN_INT_CONVERSION = YES;
				CLANG_WARN_NON_LITERAL_NULL_CONVERSION = YES;
				CLANG_WARN_OBJC_IMPLICIT_RETAIN_SELF = YES;
				CLANG_WARN_OBJC_LITERAL_CONVERSION = YES;
				CLANG_WARN_OBJC_ROOT_CLASS = YES_ERROR;
				CLANG_WARN_QUOTED_INCLUDE_IN_FRAMEWORK_HEADER = YES;
				CLANG_WARN_RANGE_LOOP_ANALYSIS = YES;
				CLANG_WARN_STRICT_PROTOTYPES = YES;
				CLANG_WARN_SUSPICIOUS_MOVE = YES;
				CLANG_WARN_UNGUARDED_AVAILABILITY = YES_AGGRESSIVE;
				CLANG_WARN_UNREACHABLE_CODE = YES;
				CLANG_WARN__DUPLICATE_METHOD_MATCH = YES;
				COPY_PHASE_STRIP = NO;
				DEBUG_INFORMATION_FORMAT = dwarf;
				ENABLE_STRICT_OBJC_MSGSEND = YES;
				ENABLE_TESTABILITY = YES;
				ENABLE_USER_SCRIPT_SANDBOXING = YES;
				GCC_C_LANGUAGE_STANDARD = gnu17;
				GCC_DYNAMIC_NO_PIC = NO;
				GCC_NO_COMMON_BLOCKS = YES;
				GCC_OPTIMIZATION_LEVEL = 0;
				GCC_PREPROCESSOR_DEFINITIONS = (
					"DEBUG=1",
					"$(inherited)",
				);
				GCC_WARN_64_TO_32_BIT_CONVERSION = YES;
				GCC_WARN_ABOUT_RETURN_TYPE = YES_ERROR;
				GCC_WARN_UNDECLARED_SELECTOR = YES;
				GCC_WARN_UNINITIALIZED_AUTOS = YES_AGGRESSIVE;
				GCC_WARN_UNUSED_FUNCTION = YES;
				GCC_WARN_UNUSED_VARIABLE = YES;
				IPHONEOS_DEPLOYMENT_TARGET = 17.4;
				LOCALIZATION_PREFERS_STRING_CATALOGS = YES;
				MTL_ENABLE_DEBUG_INFO = INCLUDE_SOURCE;
				MTL_FAST_MATH = YES;
				ONLY_ACTIVE_ARCH = YES;
				SDKROOT = iphoneos;
				SWIFT_ACTIVE_COMPILATION_CONDITIONS = "DEBUG $(inherited)";
				SWIFT_OPTIMIZATION_LEVEL = "-Onone";
			};
			name = Debug;
		};
		95194D6A2BD38ACE00546DBA /* Release */ = {
			isa = XCBuildConfiguration;
			buildSettings = {
				ALWAYS_SEARCH_USER_PATHS = NO;
				ASSETCATALOG_COMPILER_GENERATE_SWIFT_ASSET_SYMBOL_EXTENSIONS = YES;
				CLANG_ANALYZER_NONNULL = YES;
				CLANG_ANALYZER_NUMBER_OBJECT_CONVERSION = YES_AGGRESSIVE;
				CLANG_CXX_LANGUAGE_STANDARD = "gnu++20";
				CLANG_ENABLE_MODULES = YES;
				CLANG_ENABLE_OBJC_ARC = YES;
				CLANG_ENABLE_OBJC_WEAK = YES;
				CLANG_WARN_BLOCK_CAPTURE_AUTORELEASING = YES;
				CLANG_WARN_BOOL_CONVERSION = YES;
				CLANG_WARN_COMMA = YES;
				CLANG_WARN_CONSTANT_CONVERSION = YES;
				CLANG_WARN_DEPRECATED_OBJC_IMPLEMENTATIONS = YES;
				CLANG_WARN_DIRECT_OBJC_ISA_USAGE = YES_ERROR;
				CLANG_WARN_DOCUMENTATION_COMMENTS = YES;
				CLANG_WARN_EMPTY_BODY = YES;
				CLANG_WARN_ENUM_CONVERSION = YES;
				CLANG_WARN_INFINITE_RECURSION = YES;
				CLANG_WARN_INT_CONVERSION = YES;
				CLANG_WARN_NON_LITERAL_NULL_CONVERSION = YES;
				CLANG_WARN_OBJC_IMPLICIT_RETAIN_SELF = YES;
				CLANG_WARN_OBJC_LITERAL_CONVERSION = YES;
				CLANG_WARN_OBJC_ROOT_CLASS = YES_ERROR;
				CLANG_WARN_QUOTED_INCLUDE_IN_FRAMEWORK_HEADER = YES;
				CLANG_WARN_RANGE_LOOP_ANALYSIS = YES;
				CLANG_WARN_STRICT_PROTOTYPES = YES;
				CLANG_WARN_SUSPICIOUS_MOVE = YES;
				CLANG_WARN_UNGUARDED_AVAILABILITY = YES_AGGRESSIVE;
				CLANG_WARN_UNREACHABLE_CODE = YES;
				CLANG_WARN__DUPLICATE_METHOD_MATCH = YES;
				COPY_PHASE_STRIP = NO;
				DEBUG_INFORMATION_FORMAT = "dwarf-with-dsym";
				ENABLE_NS_ASSERTIONS = NO;
				ENABLE_STRICT_OBJC_MSGSEND = YES;
				ENABLE_USER_SCRIPT_SANDBOXING = YES;
				GCC_C_LANGUAGE_STANDARD = gnu17;
				GCC_NO_COMMON_BLOCKS = YES;
				GCC_WARN_64_TO_32_BIT_CONVERSION = YES;
				GCC_WARN_ABOUT_RETURN_TYPE = YES_ERROR;
				GCC_WARN_UNDECLARED_SELECTOR = YES;
				GCC_WARN_UNINITIALIZED_AUTOS = YES_AGGRESSIVE;
				GCC_WARN_UNUSED_FUNCTION = YES;
				GCC_WARN_UNUSED_VARIABLE = YES;
				IPHONEOS_DEPLOYMENT_TARGET = 17.4;
				LOCALIZATION_PREFERS_STRING_CATALOGS = YES;
				MTL_ENABLE_DEBUG_INFO = NO;
				MTL_FAST_MATH = YES;
				SDKROOT = iphoneos;
				SWIFT_COMPILATION_MODE = wholemodule;
				VALIDATE_PRODUCT = YES;
			};
			name = Release;
		};
		95194D6C2BD38ACE00546DBA /* Debug */ = {
			isa = XCBuildConfiguration;
			buildSettings = {
				ASSETCATALOG_COMPILER_APPICON_NAME = AppIcon;
				ASSETCATALOG_COMPILER_GLOBAL_ACCENT_COLOR_NAME = AccentColor;
				CODE_SIGN_STYLE = Automatic;
				CURRENT_PROJECT_VERSION = 1;
				DEVELOPMENT_ASSET_PATHS = "\"VisionLLM/Preview Content\"";
				DEVELOPMENT_TEAM = SAPPKJ98U9;
				ENABLE_PREVIEWS = YES;
				GENERATE_INFOPLIST_FILE = YES;
				INFOPLIST_FILE = VisionLLM/Info.plist;
				INFOPLIST_KEY_UIApplicationSceneManifest_Generation = YES;
				INFOPLIST_KEY_UIApplicationSupportsIndirectInputEvents = YES;
				INFOPLIST_KEY_UILaunchScreen_Generation = YES;
				INFOPLIST_KEY_UISupportedInterfaceOrientations_iPad = "UIInterfaceOrientationPortrait UIInterfaceOrientationPortraitUpsideDown UIInterfaceOrientationLandscapeLeft UIInterfaceOrientationLandscapeRight";
				INFOPLIST_KEY_UISupportedInterfaceOrientations_iPhone = "UIInterfaceOrientationPortrait UIInterfaceOrientationLandscapeLeft UIInterfaceOrientationLandscapeRight";
				LD_RUNPATH_SEARCH_PATHS = (
					"$(inherited)",
					"@executable_path/Frameworks",
				);
				MARKETING_VERSION = 1.0;
				NEW_SETTING = "";
				PRODUCT_BUNDLE_IDENTIFIER = com.lidar.VisionLLM;
				PRODUCT_NAME = "$(TARGET_NAME)";
				SWIFT_EMIT_LOC_STRINGS = YES;
				SWIFT_VERSION = 5.0;
				TARGETED_DEVICE_FAMILY = "1,2";
			};
			name = Debug;
		};
		95194D6D2BD38ACE00546DBA /* Release */ = {
			isa = XCBuildConfiguration;
			buildSettings = {
				ASSETCATALOG_COMPILER_APPICON_NAME = AppIcon;
				ASSETCATALOG_COMPILER_GLOBAL_ACCENT_COLOR_NAME = AccentColor;
				CODE_SIGN_STYLE = Automatic;
				CURRENT_PROJECT_VERSION = 1;
				DEVELOPMENT_ASSET_PATHS = "\"VisionLLM/Preview Content\"";
				DEVELOPMENT_TEAM = SAPPKJ98U9;
				ENABLE_PREVIEWS = YES;
				GENERATE_INFOPLIST_FILE = YES;
				INFOPLIST_FILE = VisionLLM/Info.plist;
				INFOPLIST_KEY_UIApplicationSceneManifest_Generation = YES;
				INFOPLIST_KEY_UIApplicationSupportsIndirectInputEvents = YES;
				INFOPLIST_KEY_UILaunchScreen_Generation = YES;
				INFOPLIST_KEY_UISupportedInterfaceOrientations_iPad = "UIInterfaceOrientationPortrait UIInterfaceOrientationPortraitUpsideDown UIInterfaceOrientationLandscapeLeft UIInterfaceOrientationLandscapeRight";
				INFOPLIST_KEY_UISupportedInterfaceOrientations_iPhone = "UIInterfaceOrientationPortrait UIInterfaceOrientationLandscapeLeft UIInterfaceOrientationLandscapeRight";
				LD_RUNPATH_SEARCH_PATHS = (
					"$(inherited)",
					"@executable_path/Frameworks",
				);
				MARKETING_VERSION = 1.0;
				NEW_SETTING = "";
				PRODUCT_BUNDLE_IDENTIFIER = com.lidar.VisionLLM;
				PRODUCT_NAME = "$(TARGET_NAME)";
				SWIFT_EMIT_LOC_STRINGS = YES;
				SWIFT_VERSION = 5.0;
				TARGETED_DEVICE_FAMILY = "1,2";
			};
			name = Release;
		};
/* End XCBuildConfiguration section */

/* Begin XCConfigurationList section */
		95194D582BD38ACD00546DBA /* Build configuration list for PBXProject "VisionLLM" */ = {
			isa = XCConfigurationList;
			buildConfigurations = (
				95194D692BD38ACE00546DBA /* Debug */,
				95194D6A2BD38ACE00546DBA /* Release */,
			);
			defaultConfigurationIsVisible = 0;
			defaultConfigurationName = Release;
		};
		95194D6B2BD38ACE00546DBA /* Build configuration list for PBXNativeTarget "VisionLLM" */ = {
			isa = XCConfigurationList;
			buildConfigurations = (
				95194D6C2BD38ACE00546DBA /* Debug */,
				95194D6D2BD38ACE00546DBA /* Release */,
			);
			defaultConfigurationIsVisible = 0;
			defaultConfigurationName = Release;
		};
/* End XCConfigurationList section */
	};
	rootObject = 95194D552BD38ACD00546DBA /* Project object */;
}
